{
	"name": "typescript",
	"version": "1.0.0",
	"lockfileVersion": 1,
	"requires": true,
	"dependencies": {
		"@angular/common": {
			"version": "13.1.1",
			"resolved": "https://registry.npmjs.org/@angular/common/-/common-13.1.1.tgz",
			"integrity": "sha512-FQwRZ1XgTH2PbPjBmq2jAZzETVNX9yWQt21MuNGtokC7V4eS0NYlFIDbhy3UPWCzRgd3+P7P4+HdX15VxCjf9g==",
			"requires": {
				"tslib": "^2.3.0"
			},
			"dependencies": {
				"tslib": {
					"version": "2.3.1",
					"resolved": "https://registry.npmjs.org/tslib/-/tslib-2.3.1.tgz",
					"integrity": "sha512-77EbyPPpMz+FRFRuAFlWMtmgUWGe9UOG2Z25NqCwiIjRhOf5iKGuzSe5P2w1laq+FkRy4p+PCuVkJSGkzTEKVw=="
				}
			}
		},
		"@pepperi-addons/ngx-lib": {
			"version": "0.2.58-beta.1",
			"resolved": "https://registry.npmjs.org/@pepperi-addons/ngx-lib/-/ngx-lib-0.2.58-beta.1.tgz",
			"integrity": "sha512-Ufw/ymAixCIWEd6jJRcBGDZry3vWd32KN/hlOw2F19ZmvTW6OmnfBIvtc4e496PZNIoR83GxpKlv1souxFJiGQ==",
			"requires": {
				"tslib": "^2.2.0"
			},
			"dependencies": {
				"tslib": {
					"version": "2.3.1",
					"resolved": "https://registry.npmjs.org/tslib/-/tslib-2.3.1.tgz",
					"integrity": "sha512-77EbyPPpMz+FRFRuAFlWMtmgUWGe9UOG2Z25NqCwiIjRhOf5iKGuzSe5P2w1laq+FkRy4p+PCuVkJSGkzTEKVw=="
				}
			}
		},
		"@pepperi-addons/scripts": {
			"version": "2.0.5",
			"resolved": "https://registry.npmjs.org/@pepperi-addons/scripts/-/scripts-2.0.5.tgz",
			"integrity": "sha512-bLXrePe0TCiafhtwlPrcCD2CcfNOsP4vXAXaOZA597Lb7wjLen6Ztq9hnaVCt8pPxauytmD04PQUO+6XhWVgQg==",
			"requires": {
				"commander": "^5.1.0",
				"node-fetch": "^2.6.0",
				"semver": "^7.3.2",
				"uuid": "^8.1.0"
			},
			"dependencies": {
				"node-fetch": {
					"version": "2.6.7",
					"resolved": "https://registry.npmjs.org/node-fetch/-/node-fetch-2.6.7.tgz",
					"integrity": "sha512-ZjMPFEfVx5j+y2yF35Kzx5sF7kDzxuDj6ziH4FFbOp87zKDZNx8yExJIb05OGF4Nlt9IHFIMBkRl41VdvcNdbQ==",
					"requires": {
						"whatwg-url": "^5.0.0"
					}
				}
			}
		},
		"@tweenjs/tween.js": {
			"version": "17.4.0",
			"resolved": "https://registry.npmjs.org/@tweenjs/tween.js/-/tween.js-17.4.0.tgz",
			"integrity": "sha512-J3fzl1F6wvh8KXVVcIuHN12xi1ZDcPA/0Vix+ZcJYwZWVHUwfIqfvzYXXEw7ybeev6477KCTt9fKydU+ajUqcg=="
		},
		"@types/tween.js": {
			"version": "17.2.0",
			"resolved": "https://registry.npmjs.org/@types/tween.js/-/tween.js-17.2.0.tgz",
			"integrity": "sha512-mOsqurEtFEzwgkVc/jDVE2XrjZBYTbrmDUyCr9GXmnfc6q5otokxFtKvSY/B21zgz9LVRIvRTawKczjKi57wrA=="
		},
		"commander": {
			"version": "5.1.0",
			"resolved": "https://registry.npmjs.org/commander/-/commander-5.1.0.tgz",
			"integrity": "sha512-P0CysNDQ7rtVw4QIQtm+MRxV66vKFSvlsQvGYXZWR3qFU0jlMKHZZZgw8e+8DSah4UDKMqnknRDQz+xuQXQ/Zg=="
		},
		"lru-cache": {
			"version": "6.0.0",
			"resolved": "https://registry.npmjs.org/lru-cache/-/lru-cache-6.0.0.tgz",
			"integrity": "sha512-Jo6dJ04CmSjuznwJSS3pUeWmd/H0ffTlkXXgwZi+eq1UCmqQwCh+eLsYOYCwY991i2Fah4h1BEMCx4qThGbsiA==",
			"requires": {
				"yallist": "^4.0.0"
			}
		},
		"ngx-virtual-scroller": {
			"version": "4.0.3",
			"resolved": "https://registry.npmjs.org/ngx-virtual-scroller/-/ngx-virtual-scroller-4.0.3.tgz",
			"integrity": "sha512-JBqUJ/f7GRCZDnI/JeiFoTmYR8rC/Hyv8L5I7ImePM6f/hwiFNRsrK8Abdd0E3TwklwgmZAK875te9XQJrgsyQ==",
			"requires": {
				"@tweenjs/tween.js": "17.4.0",
				"@types/tween.js": "17.2.0"
			}
		},
		"semver": {
			"version": "7.3.5",
			"resolved": "https://registry.npmjs.org/semver/-/semver-7.3.5.tgz",
			"integrity": "sha512-PoeGJYh8HK4BTO/a9Tf6ZG3veo/A7ZVsYrSA6J8ny9nb3B1VrpkuN+z9OE5wfE5p6H4LchYZsegiQgbJD94ZFQ==",
			"requires": {
				"lru-cache": "^6.0.0"
			}
		},
		"tr46": {
			"version": "0.0.3",
			"resolved": "https://registry.npmjs.org/tr46/-/tr46-0.0.3.tgz",
			"integrity": "sha512-N3WMsuqV66lT30CrXNbEjx4GEwlow3v6rr4mCcv6prnfwhS01rkgyFdjPNBYd9br7LpXV1+Emh01fHnq2Gdgrw=="
		},
		"uuid": {
			"version": "8.3.2",
			"resolved": "https://registry.npmjs.org/uuid/-/uuid-8.3.2.tgz",
			"integrity": "sha512-+NYs2QeMWy+GWFOEm9xnn6HCDp0l7QBD7ml8zLUmJ+93Q5NF0NocErnwkTkXVFNiX3/fpC6afS8Dhb/gz7R7eg=="
		},
		"webidl-conversions": {
			"version": "3.0.1",
			"resolved": "https://registry.npmjs.org/webidl-conversions/-/webidl-conversions-3.0.1.tgz",
			"integrity": "sha512-2JAn3z8AR6rjK8Sm8orRC0h/bcl/DqL7tRPdGZ4I1CjdF+EaMLmYxBHyXuKL849eucPFhvBoxMsflfOb8kxaeQ=="
		},
		"whatwg-url": {
			"version": "5.0.0",
			"resolved": "https://registry.npmjs.org/whatwg-url/-/whatwg-url-5.0.0.tgz",
			"integrity": "sha512-saE57nupxk6v3HY35+jzBwYa0rKSy0XR8JSxZPwgLr7ys0IBzhGviA1/TUGJLmSVqs8pb9AnvICXEuOHLprYTw==",
			"requires": {
				"tr46": "~0.0.3",
				"webidl-conversions": "^3.0.0"
			}
		},
		"yallist": {
			"version": "4.0.0",
			"resolved": "https://registry.npmjs.org/yallist/-/yallist-4.0.0.tgz",
			"integrity": "sha512-3wdGidZyq5PB084XLES5TpOSRA3wjXAlIWMhum2kRcv/41Sn2emQ0dycQW4uZXLejwKvg6EsvbdlVL+FYEct7A=="
		}
	}
}
